
Microsoft Visual Studio Solution File, Format Version 11.00
# Visual Studio 2010
Project("{FAE04EC0-301F-11D3-BF4B-00C04F79EFBC}") = "Models", "Models\Models.csproj", "{BF927294-C1D6-456C-AE96-113DEDF871AD}"
EndProject
Project("{FAE04EC0-301F-11D3-BF4B-00C04F79EFBC}") = "Resources", "Resources\Resources.csproj", "{FB01E019-5B07-451E-9F5B-23A4D44D8A91}"
EndProject
Project("{FAE04EC0-301F-11D3-BF4B-00C04F79EFBC}") = "PairUp", "PairUp\PairUp.csproj", "{9FCCCF9A-FD67-4565-85F7-7B1BDF3DEDC6}"
EndProject
Project("{FAE04EC0-301F-11D3-BF4B-00C04F79EFBC}") = "ModelsTest", "ModelsTest\ModelsTest.csproj", "{E992200B-987F-4401-8F31-647DC3B9062C}"
EndProject
Project("{2150E333-8FDC-42A3-9474-1A3956D46DE8}") = "Solution Items", "Solution Items", "{9C574E78-733D-4B4B-9120-8BC219E87812}"
	ProjectSection(SolutionItems) = preProject
		Local.testsettings = Local.testsettings
		PairUp.vsmdi = PairUp.vsmdi
		TraceAndTestImpact.testsettings = TraceAndTestImpact.testsettings
	EndProjectSection
EndProject
Project("{54435603-DBB4-11D2-8724-00A0C9A8B90C}") = "PairUpInstall", "PairUpInstall\PairUpInstall.vdproj", "{013E3939-254D-4254-BCD1-43570B684B0D}"
EndProject
Global
	GlobalSection(TestCaseManagementSettings) = postSolution
		CategoryFile = PairUp.vsmdi
	EndGlobalSection
	GlobalSection(SolutionConfigurationPlatforms) = preSolution
		Debug|Any CPU = Debug|Any CPU
		Debug|Mixed Platforms = Debug|Mixed Platforms
		Debug|x86 = Debug|x86
		Release|Any CPU = Release|Any CPU
		Release|Mixed Platforms = Release|Mixed Platforms
		Release|x86 = Release|x86
	EndGlobalSection
	GlobalSection(ProjectConfigurationPlatforms) = postSolution
		{BF927294-C1D6-456C-AE96-113DEDF871AD}.Debug|Any CPU.ActiveCfg = Debug|Any CPU
		{BF927294-C1D6-456C-AE96-113DEDF871AD}.Debug|Any CPU.Build.0 = Debug|Any CPU
		{BF927294-C1D6-456C-AE96-113DEDF871AD}.Debug|Mixed Platforms.ActiveCfg = Debug|Any CPU
		{BF927294-C1D6-456C-AE96-113DEDF871AD}.Debug|Mixed Platforms.Build.0 = Debug|Any CPU
		{BF927294-C1D6-456C-AE96-113DEDF871AD}.Debug|x86.ActiveCfg = Debug|Any CPU
		{BF927294-C1D6-456C-AE96-113DEDF871AD}.Release|Any CPU.ActiveCfg = Release|Any CPU
		{BF927294-C1D6-456C-AE96-113DEDF871AD}.Release|Any CPU.Build.0 = Release|Any CPU
		{BF927294-C1D6-456C-AE96-113DEDF871AD}.Release|Mixed Platforms.ActiveCfg = Release|Any CPU
		{BF927294-C1D6-456C-AE96-113DEDF871AD}.Release|Mixed Platforms.Build.0 = Release|Any CPU
		{BF927294-C1D6-456C-AE96-113DEDF871AD}.Release|x86.ActiveCfg = Release|Any CPU
		{FB01E019-5B07-451E-9F5B-23A4D44D8A91}.Debug|Any CPU.ActiveCfg = Debug|Any CPU
		{FB01E019-5B07-451E-9F5B-23A4D44D8A91}.Debug|Any CPU.Build.0 = Debug|Any CPU
		{FB01E019-5B07-451E-9F5B-23A4D44D8A91}.Debug|Mixed Platforms.ActiveCfg = Debug|Any CPU
		{FB01E019-5B07-451E-9F5B-23A4D44D8A91}.Debug|Mixed Platforms.Build.0 = Debug|Any CPU
		{FB01E019-5B07-451E-9F5B-23A4D44D8A91}.Debug|x86.ActiveCfg = Debug|Any CPU
		{FB01E019-5B07-451E-9F5B-23A4D44D8A91}.Release|Any CPU.ActiveCfg = Release|Any CPU
		{FB01E019-5B07-451E-9F5B-23A4D44D8A91}.Release|Any CPU.Build.0 = Release|Any CPU
		{FB01E019-5B07-451E-9F5B-23A4D44D8A91}.Release|Mixed Platforms.ActiveCfg = Release|Any CPU
		{FB01E019-5B07-451E-9F5B-23A4D44D8A91}.Release|Mixed Platforms.Build.0 = Release|Any CPU
		{FB01E019-5B07-451E-9F5B-23A4D44D8A91}.Release|x86.ActiveCfg = Release|Any CPU
		{9FCCCF9A-FD67-4565-85F7-7B1BDF3DEDC6}.Debug|Any CPU.ActiveCfg = Debug|x86
		{9FCCCF9A-FD67-4565-85F7-7B1BDF3DEDC6}.Debug|Mixed Platforms.ActiveCfg = Debug|x86
		{9FCCCF9A-FD67-4565-85F7-7B1BDF3DEDC6}.Debug|Mixed Platforms.Build.0 = Debug|x86
		{9FCCCF9A-FD67-4565-85F7-7B1BDF3DEDC6}.Debug|x86.ActiveCfg = Debug|x86
		{9FCCCF9A-FD67-4565-85F7-7B1BDF3DEDC6}.Debug|x86.Build.0 = Debug|x86
		{9FCCCF9A-FD67-4565-85F7-7B1BDF3DEDC6}.Release|Any CPU.ActiveCfg = Release|x86
		{9FCCCF9A-FD67-4565-85F7-7B1BDF3DEDC6}.Release|Mixed Platforms.ActiveCfg = Release|x86
		{9FCCCF9A-FD67-4565-85F7-7B1BDF3DEDC6}.Release|Mixed Platforms.Build.0 = Release|x86
		{9FCCCF9A-FD67-4565-85F7-7B1BDF3DEDC6}.Release|x86.ActiveCfg = Release|x86
		{9FCCCF9A-FD67-4565-85F7-7B1BDF3DEDC6}.Release|x86.Build.0 = Release|x86
		{E992200B-987F-4401-8F31-647DC3B9062C}.Debug|Any CPU.ActiveCfg = Debug|Any CPU
		{E992200B-987F-4401-8F31-647DC3B9062C}.Debug|Any CPU.Build.0 = Debug|Any CPU
		{E992200B-987F-4401-8F31-647DC3B9062C}.Debug|Mixed Platforms.ActiveCfg = Debug|Any CPU
		{E992200B-987F-4401-8F31-647DC3B9062C}.Debug|Mixed Platforms.Build.0 = Debug|Any CPU
		{E992200B-987F-4401-8F31-647DC3B9062C}.Debug|x86.ActiveCfg = Debug|Any CPU
		{E992200B-987F-4401-8F31-647DC3B9062C}.Release|Any CPU.ActiveCfg = Release|Any CPU
		{E992200B-987F-4401-8F31-647DC3B9062C}.Release|Any CPU.Build.0 = Release|Any CPU
		{E992200B-987F-4401-8F31-647DC3B9062C}.Release|Mixed Platforms.ActiveCfg = Release|Any CPU
		{E992200B-987F-4401-8F31-647DC3B9062C}.Release|Mixed Platforms.Build.0 = Release|Any CPU
		{E992200B-987F-4401-8F31-647DC3B9062C}.Release|x86.ActiveCfg = Release|Any CPU
		{013E3939-254D-4254-BCD1-43570B684B0D}.Debug|Any CPU.ActiveCfg = Debug
		{013E3939-254D-4254-BCD1-43570B684B0D}.Debug|Mixed Platforms.ActiveCfg = Debug
		{013E3939-254D-4254-BCD1-43570B684B0D}.Debug|x86.ActiveCfg = Debug
		{013E3939-254D-4254-BCD1-43570B684B0D}.Release|Any CPU.ActiveCfg = Release
		{013E3939-254D-4254-BCD1-43570B684B0D}.Release|Mixed Platforms.ActiveCfg = Release
		{013E3939-254D-4254-BCD1-43570B684B0D}.Release|x86.ActiveCfg = Release
	EndGlobalSection
	GlobalSection(SolutionProperties) = preSolution
		HideSolutionNode = FALSE
	EndGlobalSection
EndGlobal
